<Project xmlns="http://schemas.microsoft.com/developer/msbuild/2003">
    <PropertyGroup>
        <ProjectGuid>{3F91A0AC-0F1A-438A-8950-ED5BDC4521C1}</ProjectGuid>
        <MainSource>Project1.dpr</MainSource>
        <Base>True</Base>
        <Config Condition="'$(Config)'==''">Debug</Config>
        <TargetedPlatforms>3</TargetedPlatforms>
        <AppType>Application</AppType>
        <FrameworkType>VCL</FrameworkType>
        <ProjectVersion>18.1</ProjectVersion>
        <Platform Condition="'$(Platform)'==''">Win32</Platform>
    </PropertyGroup>
    <PropertyGroup Condition="'$(Config)'=='Base' or '$(Base)'!=''">
        <Base>true</Base>
    </PropertyGroup>
    <PropertyGroup Condition="('$(Platform)'=='Win32' and '$(Base)'=='true') or '$(Base_Win32)'!=''">
        <Base_Win32>true</Base_Win32>
        <CfgParent>Base</CfgParent>
        <Base>true</Base>
    </PropertyGroup>
    <PropertyGroup Condition="('$(Platform)'=='Win64' and '$(Base)'=='true') or '$(Base_Win64)'!=''">
        <Base_Win64>true</Base_Win64>
        <CfgParent>Base</CfgParent>
        <Base>true</Base>
    </PropertyGroup>
    <PropertyGroup Condition="'$(Config)'=='Release' or '$(Cfg_1)'!=''">
        <Cfg_1>true</Cfg_1>
        <CfgParent>Base</CfgParent>
        <Base>true</Base>
    </PropertyGroup>
    <PropertyGroup Condition="'$(Config)'=='Debug' or '$(Cfg_2)'!=''">
        <Cfg_2>true</Cfg_2>
        <CfgParent>Base</CfgParent>
        <Base>true</Base>
    </PropertyGroup>
    <PropertyGroup Condition="('$(Platform)'=='Win32' and '$(Cfg_2)'=='true') or '$(Cfg_2_Win32)'!=''">
        <Cfg_2_Win32>true</Cfg_2_Win32>
        <CfgParent>Cfg_2</CfgParent>
        <Cfg_2>true</Cfg_2>
        <Base>true</Base>
    </PropertyGroup>
    <PropertyGroup Condition="('$(Platform)'=='Win64' and '$(Cfg_2)'=='true') or '$(Cfg_2_Win64)'!=''">
        <Cfg_2_Win64>true</Cfg_2_Win64>
        <CfgParent>Cfg_2</CfgParent>
        <Cfg_2>true</Cfg_2>
        <Base>true</Base>
    </PropertyGroup>
    <PropertyGroup Condition="'$(Base)'!=''">
        <SanitizedProjectName>Project1</SanitizedProjectName>
        <VerInfo_Locale>1058</VerInfo_Locale>
        <DCC_UNIT_DEPRECATED>false</DCC_UNIT_DEPRECATED>
        <DCC_S>false</DCC_S>
        <Icon_MainIcon>Project1_Icon.ico</Icon_MainIcon>
        <DCC_K>false</DCC_K>
        <DCC_SYMBOL_DEPRECATED>false</DCC_SYMBOL_DEPRECATED>
        <DCC_Namespace>Vcl;Vcl.Imaging;Vcl.Touch;Vcl.Samples;Vcl.Shell;System;Xml;Data;Datasnap;Web;Soap;Winapi;$(DCC_Namespace)</DCC_Namespace>
        <DCC_ImageBase>00400000</DCC_ImageBase>
        <DCC_UnitSearchPath>..;$(DCC_UnitSearchPath)</DCC_UnitSearchPath>
        <DCC_E>false</DCC_E>
        <DCC_DcuOutput>.\_dcu</DCC_DcuOutput>
        <DCC_ExeOutput>.\..\bin</DCC_ExeOutput>
        <DCC_F>false</DCC_F>
        <Manifest_File>None</Manifest_File>
        <DCC_GARBAGE>false</DCC_GARBAGE>
        <DCC_SYMBOL_PLATFORM>false</DCC_SYMBOL_PLATFORM>
        <DCC_N>true</DCC_N>
        <DCC_UNIT_PLATFORM>false</DCC_UNIT_PLATFORM>
        <DCC_UsePackage>vcl;rtl;vclx;vclactnband;dbrtl;vcldb;bdertl;vcldbx;dsnap;dsnapcon;teeUI;tee;teedb;vclib;ibxpress;adortl;dbxcds;dbexpress;DbxCommonDriver;IndyCore;IndySystem;IndyProtocols;VclSmp;vclie;websnap;webdsnap;xmlrtl;inet;inetdbbde;inetdbxpress;soaprtl;RBuilder;TyphoonPkg;dxELibD;dxDBEdD;dxEdtrD;cxLibraryD;dxGDIPlusD;dxCoreD;dxThemeD;dxComnD;dxDockingD;cxPageControlD;dxdbtrD;cxGridD;dxLayoutControlD;cxEditorsD;cxDataD;cxExportD;cxTreeListdxBarPopupMenuD;cxTreeListD;dxBarD;dxmdsD;dxSkinXmas2008BlueD;dxSkinsCoreD;dxSkinWhiteprintD;dxSkinVS2010D;dxSkinValentineD;dxSkinTheAsphaltWorldD;dxSkinSummer2008D;dxSkinStardustD;dxSkinSpringTimeD;dxSkinSilverD;dxSkinSharpPlusD;dxSkinSharpD;dxSkinSevenD;dxSkinSevenClassicD;dxSkinPumpkinD;dxSkinOffice2010SilverD;dxSkinOffice2010BlueD;dxSkinOffice2010BlackD;dxSkinOffice2007SilverD;dxSkinOffice2007PinkD;dxSkinOffice2007GreenD;dxSkinOffice2007BlueD;dxSkinOffice2007BlackD;dxSkinMoneyTwinsD;dxSkinMcSkinD;dxSkinLondonLiquidSkyD;dxSkinLiquidSkyD;dxSkinLilianD;dxSkiniMaginaryD;dxSkinHighContrastD;dxSkinGlassOceansD;dxSkinFoggyD;dxSkinDevExpressStyleD;dxSkinDevExpressDarkStyleD;dxSkinDarkSideD;dxSkinDarkRoomD;dxSkinCoffeeD;dxSkinCaramelD;dxSkinBlueprintD;dxSkinBlueD;dxSkinBlackD;dxSkinscxSchedulerPainterD;cxSchedulerD;dxSkinsdxRibbonPainterD;dxRibbonD;dxSkinsdxNavBarPainterD;dxNavBarD;dxSkinsdxBarPainterD;dxSkinsdxDLPainterD;dxSkinscxPCPainterD;dxPScxPCProdD;dxPSCoreD;dxForumLibD;dxsbD;dxMasterViewD;dxObjInsD;dxExRwD;EQGridD;dxInsD;dxExELD;dxGrEdD;ECQDBCD;EQTLD;EQDBTLD;dxPageControlD;dcldxSkinsCoreD;dxPSDBTeeChartD;dxPSTeeChartD;dxPSPrVwRibbonD;dxBarExtItemsD;dxPSdxFCLnkD;dxFlowChartD;dxPSdxDBOCLnkD;dxPSdxOCLnkD;dxorgcD;dxdborD;dxPScxSchedulerLnkD;dxPScxCommonD;dxPSLnksD;dxPSdxDBTVLnkD;dxPsPrVwAdvD;dxPScxPivotGridLnkD;cxPivotGridD;dxPScxTLLnkD;dxPScxVGridLnkD;cxVerticalGridD;dxPScxGridLnkD;dxPSdxLCLnkD;dxPScxExtCommonD;cxPivotGridOLAPD;cxPivotGridChartD;dxSpellCheckerD;cxSchedulerGridD;dxtrmdD;dxServerModeD;dxTabbedMDID;dxBarExtDBItemsD;cxBarEditItemD;dxBarDBNavD;dxRibbonCustomizationFormD;dxADOServerModeD;dxWizardControlD;cxSchedulerTreeBrowserD;cxSchedulerRibbonStyleEventEditorD;dxSkinMetropolisD;dxSkinMetropolisDarkD;dxSkinOffice2013DarkGrayD;dxSkinOffice2013LightGrayD;dxSkinOffice2013WhiteD;dxPScxSSLnkD;cxSpreadSheetD;dxTileControlD;FastReport;$(DCC_UsePackage)</DCC_UsePackage>
        <DCC_Optimize>false</DCC_Optimize>
        <VerInfo_Keys>CompanyName=;FileDescription=;FileVersion=1.0.0.0;InternalName=;LegalCopyright=;LegalTrademarks=;OriginalFilename=;ProductName=;ProductVersion=1.0.0.0;Comments=</VerInfo_Keys>
    </PropertyGroup>
    <PropertyGroup Condition="'$(Base_Win32)'!=''">
        <AppEnableRuntimeThemes>true</AppEnableRuntimeThemes>
        <Icon_MainIcon>Project1_Icon.ico</Icon_MainIcon>
        <VerInfo_Locale>1033</VerInfo_Locale>
        <DCC_Namespace>System.Win;Data.Win;Datasnap.Win;Web.Win;Soap.Win;Xml.Win;Bde;$(DCC_Namespace)</DCC_Namespace>
        <VerInfo_IncludeVerInfo>true</VerInfo_IncludeVerInfo>
        <Manifest_File>$(BDS)\bin\default_app.manifest</Manifest_File>
    </PropertyGroup>
    <PropertyGroup Condition="'$(Base_Win64)'!=''">
        <AppEnableRuntimeThemes>true</AppEnableRuntimeThemes>
        <DCC_DcuOutput>.\_dcu\x64</DCC_DcuOutput>
        <DCC_ExeOutput>.\..\bin\x64</DCC_ExeOutput>
        <VerInfo_Locale>1033</VerInfo_Locale>
        <DCC_Namespace>System.Win;Data.Win;Datasnap.Win;Web.Win;Soap.Win;Xml.Win;$(DCC_Namespace)</DCC_Namespace>
        <VerInfo_IncludeVerInfo>true</VerInfo_IncludeVerInfo>
        <Manifest_File>$(BDS)\bin\default_app.manifest</Manifest_File>
    </PropertyGroup>
    <PropertyGroup Condition="'$(Cfg_1)'!=''">
        <DCC_SymbolReferenceInfo>0</DCC_SymbolReferenceInfo>
        <DCC_LocalDebugSymbols>false</DCC_LocalDebugSymbols>
        <DCC_Define>RELEASE;$(DCC_Define)</DCC_Define>
        <DCC_DebugInformation>0</DCC_DebugInformation>
    </PropertyGroup>
    <PropertyGroup Condition="'$(Cfg_2)'!=''">
        <DCC_GenerateStackFrames>true</DCC_GenerateStackFrames>
        <DCC_Define>DEBUG;$(DCC_Define)</DCC_Define>
    </PropertyGroup>
    <PropertyGroup Condition="'$(Cfg_2_Win32)'!=''">
        <AppEnableRuntimeThemes>true</AppEnableRuntimeThemes>
        <Manifest_File>$(BDS)\bin\default_app.manifest</Manifest_File>
        <VerInfo_Locale>1033</VerInfo_Locale>
        <VerInfo_IncludeVerInfo>true</VerInfo_IncludeVerInfo>
    </PropertyGroup>
    <PropertyGroup Condition="'$(Cfg_2_Win64)'!=''">
        <AppEnableRuntimeThemes>true</AppEnableRuntimeThemes>
        <VerInfo_IncludeVerInfo>true</VerInfo_IncludeVerInfo>
        <Manifest_File>$(BDS)\bin\default_app.manifest</Manifest_File>
        <VerInfo_Locale>1033</VerInfo_Locale>
    </PropertyGroup>
    <ItemGroup>
        <DelphiCompile Include="$(MainSource)">
            <MainSource>MainSource</MainSource>
        </DelphiCompile>
        <DCCReference Include="..\libssh2.pas"/>
        <DCCReference Include="..\libssh2_publickey.pas"/>
        <DCCReference Include="..\libssh2_sftp.pas"/>
        <DCCReference Include="..\comp\uMySFTPClient.pas"/>
        <DCCReference Include="Unit3.pas">
            <Form>Form3</Form>
        </DCCReference>
        <DCCReference Include="Unit4.pas">
            <Form>FrmProgress</Form>
        </DCCReference>
        <BuildConfiguration Include="Debug">
            <Key>Cfg_2</Key>
            <CfgParent>Base</CfgParent>
        </BuildConfiguration>
        <BuildConfiguration Include="Base">
            <Key>Base</Key>
        </BuildConfiguration>
        <BuildConfiguration Include="Release">
            <Key>Cfg_1</Key>
            <CfgParent>Base</CfgParent>
        </BuildConfiguration>
    </ItemGroup>
    <ProjectExtensions>
        <Borland.Personality>Delphi.Personality.12</Borland.Personality>
        <Borland.ProjectType>VCLApplication</Borland.ProjectType>
        <BorlandProject>
            <Delphi.Personality>
                <Source>
                    <Source Name="MainSource">Project1.dpr</Source>
                </Source>
                <VersionInfo>
                    <VersionInfo Name="IncludeVerInfo">False</VersionInfo>
                    <VersionInfo Name="AutoIncBuild">False</VersionInfo>
                    <VersionInfo Name="MajorVer">1</VersionInfo>
                    <VersionInfo Name="MinorVer">0</VersionInfo>
                    <VersionInfo Name="Release">0</VersionInfo>
                    <VersionInfo Name="Build">0</VersionInfo>
                    <VersionInfo Name="Debug">False</VersionInfo>
                    <VersionInfo Name="PreRelease">False</VersionInfo>
                    <VersionInfo Name="Special">False</VersionInfo>
                    <VersionInfo Name="Private">False</VersionInfo>
                    <VersionInfo Name="DLL">False</VersionInfo>
                    <VersionInfo Name="Locale">1058</VersionInfo>
                    <VersionInfo Name="CodePage">1251</VersionInfo>
                </VersionInfo>
                <VersionInfoKeys>
                    <VersionInfoKeys Name="CompanyName"/>
                    <VersionInfoKeys Name="FileDescription"/>
                    <VersionInfoKeys Name="FileVersion">1.0.0.0</VersionInfoKeys>
                    <VersionInfoKeys Name="InternalName"/>
                    <VersionInfoKeys Name="LegalCopyright"/>
                    <VersionInfoKeys Name="LegalTrademarks"/>
                    <VersionInfoKeys Name="OriginalFilename"/>
                    <VersionInfoKeys Name="ProductName"/>
                    <VersionInfoKeys Name="ProductVersion">1.0.0.0</VersionInfoKeys>
                    <VersionInfoKeys Name="Comments"/>
                </VersionInfoKeys>
            </Delphi.Personality>
            <Platforms>
                <Platform value="Win32">True</Platform>
                <Platform value="Win64">True</Platform>
            </Platforms>
        </BorlandProject>
        <ProjectFileVersion>12</ProjectFileVersion>
    </ProjectExtensions>
    <Import Project="$(BDS)\Bin\CodeGear.Delphi.Targets" Condition="Exists('$(BDS)\Bin\CodeGear.Delphi.Targets')"/>
    <Import Project="$(APPDATA)\Embarcadero\$(BDSAPPDATABASEDIR)\$(PRODUCTVERSION)\UserTools.proj" Condition="Exists('$(APPDATA)\Embarcadero\$(BDSAPPDATABASEDIR)\$(PRODUCTVERSION)\UserTools.proj')"/>
</Project>
